
Microsoft Visual Studio Solution File, Format Version 11.00
# Visual Studio 2010
Project("{FAE04EC0-301F-11D3-BF4B-00C04F79EFBC}") = "Génération Procédurale", "Assembly-CSharp.csproj", "{32C66E78-1489-9FD4-EAD2-0D42D7916988}"
EndProject
Project("{FAE04EC0-301F-11D3-BF4B-00C04F79EFBC}") = "Génération Procédurale", "Assembly-CSharp-Editor.csproj", "{7594B483-3062-BE4A-D3A4-55AB771DC403}"
EndProject
Global
	GlobalSection(SolutionConfigurationPlatforms) = preSolution
		Debug|Any CPU = Debug|Any CPU
		Release|Any CPU = Release|Any CPU
	EndGlobalSection
	GlobalSection(ProjectConfigurationPlatforms) = postSolution
		{32C66E78-1489-9FD4-EAD2-0D42D7916988}.Debug|Any CPU.ActiveCfg = Debug|Any CPU
		{32C66E78-1489-9FD4-EAD2-0D42D7916988}.Debug|Any CPU.Build.0 = Debug|Any CPU
		{32C66E78-1489-9FD4-EAD2-0D42D7916988}.Release|Any CPU.ActiveCfg = Release|Any CPU
		{32C66E78-1489-9FD4-EAD2-0D42D7916988}.Release|Any CPU.Build.0 = Release|Any CPU
		{7594B483-3062-BE4A-D3A4-55AB771DC403}.Debug|Any CPU.ActiveCfg = Debug|Any CPU
		{7594B483-3062-BE4A-D3A4-55AB771DC403}.Debug|Any CPU.Build.0 = Debug|Any CPU
		{7594B483-3062-BE4A-D3A4-55AB771DC403}.Release|Any CPU.ActiveCfg = Release|Any CPU
		{7594B483-3062-BE4A-D3A4-55AB771DC403}.Release|Any CPU.Build.0 = Release|Any CPU
	EndGlobalSection
	GlobalSection(SolutionProperties) = preSolution
		HideSolutionNode = FALSE
	EndGlobalSection
	GlobalSection(MonoDevelopProperties) = preSolution
		StartupItem = Assembly-CSharp.csproj
	EndGlobalSection
EndGlobal
